
Microsoft Visual Studio Solution File, Format Version 12.00
# Visual Studio Version 16
VisualStudioVersion = 16.0.30413.136
MinimumVisualStudioVersion = 10.0.40219.1
Project("{9A19103F-16F7-4668-BE54-9A1E7A4F7556}") = "XamarinPrismQrGen", "XamarinPrismQrGen\XamarinPrismQrGen\XamarinPrismQrGen.csproj", "{282D602B-DC89-41AE-B212-204CB614EF8A}"
EndProject
Project("{FAE04EC0-301F-11D3-BF4B-00C04F79EFBC}") = "XamarinPrismQrGen.Android", "XamarinPrismQrGen\XamarinPrismQrGen.Android\XamarinPrismQrGen.Android.csproj", "{469A3B5C-54F8-4CE9-87F0-1D97E4E8EFE4}"
EndProject
Project("{FAE04EC0-301F-11D3-BF4B-00C04F79EFBC}") = "XamarinPrismQrGen.iOS", "XamarinPrismQrGen\XamarinPrismQrGen.iOS\XamarinPrismQrGen.iOS.csproj", "{444CD078-61ED-4DB3-8744-E813549C914E}"
EndProject
Project("{8BC9CEB8-8B4A-11D0-8D11-00A0C91BC942}") = "GgukServer", "GgukServer\GgukServer.vcxproj", "{3CBBC2DD-EF95-446F-B155-E6BE7DCFDF33}"
EndProject
Global
	GlobalSection(SolutionConfigurationPlatforms) = preSolution
		Ad-Hoc|Any CPU = Ad-Hoc|Any CPU
		Ad-Hoc|iPhone = Ad-Hoc|iPhone
		Ad-Hoc|iPhoneSimulator = Ad-Hoc|iPhoneSimulator
		Ad-Hoc|x64 = Ad-Hoc|x64
		Ad-Hoc|x86 = Ad-Hoc|x86
		AppStore|Any CPU = AppStore|Any CPU
		AppStore|iPhone = AppStore|iPhone
		AppStore|iPhoneSimulator = AppStore|iPhoneSimulator
		AppStore|x64 = AppStore|x64
		AppStore|x86 = AppStore|x86
		Debug|Any CPU = Debug|Any CPU
		Debug|iPhone = Debug|iPhone
		Debug|iPhoneSimulator = Debug|iPhoneSimulator
		Debug|x64 = Debug|x64
		Debug|x86 = Debug|x86
		Release|Any CPU = Release|Any CPU
		Release|iPhone = Release|iPhone
		Release|iPhoneSimulator = Release|iPhoneSimulator
		Release|x64 = Release|x64
		Release|x86 = Release|x86
	EndGlobalSection
	GlobalSection(ProjectConfigurationPlatforms) = postSolution
		{282D602B-DC89-41AE-B212-204CB614EF8A}.Ad-Hoc|Any CPU.ActiveCfg = Debug|Any CPU
		{282D602B-DC89-41AE-B212-204CB614EF8A}.Ad-Hoc|Any CPU.Build.0 = Debug|Any CPU
		{282D602B-DC89-41AE-B212-204CB614EF8A}.Ad-Hoc|iPhone.ActiveCfg = Debug|Any CPU
		{282D602B-DC89-41AE-B212-204CB614EF8A}.Ad-Hoc|iPhone.Build.0 = Debug|Any CPU
		{282D602B-DC89-41AE-B212-204CB614EF8A}.Ad-Hoc|iPhoneSimulator.ActiveCfg = Debug|Any CPU
		{282D602B-DC89-41AE-B212-204CB614EF8A}.Ad-Hoc|iPhoneSimulator.Build.0 = Debug|Any CPU
		{282D602B-DC89-41AE-B212-204CB614EF8A}.Ad-Hoc|x64.ActiveCfg = Release|Any CPU
		{282D602B-DC89-41AE-B212-204CB614EF8A}.Ad-Hoc|x64.Build.0 = Release|Any CPU
		{282D602B-DC89-41AE-B212-204CB614EF8A}.Ad-Hoc|x86.ActiveCfg = Release|Any CPU
		{282D602B-DC89-41AE-B212-204CB614EF8A}.Ad-Hoc|x86.Build.0 = Release|Any CPU
		{282D602B-DC89-41AE-B212-204CB614EF8A}.AppStore|Any CPU.ActiveCfg = Debug|Any CPU
		{282D602B-DC89-41AE-B212-204CB614EF8A}.AppStore|Any CPU.Build.0 = Debug|Any CPU
		{282D602B-DC89-41AE-B212-204CB614EF8A}.AppStore|iPhone.ActiveCfg = Debug|Any CPU
		{282D602B-DC89-41AE-B212-204CB614EF8A}.AppStore|iPhone.Build.0 = Debug|Any CPU
		{282D602B-DC89-41AE-B212-204CB614EF8A}.AppStore|iPhoneSimulator.ActiveCfg = Debug|Any CPU
		{282D602B-DC89-41AE-B212-204CB614EF8A}.AppStore|iPhoneSimulator.Build.0 = Debug|Any CPU
		{282D602B-DC89-41AE-B212-204CB614EF8A}.AppStore|x64.ActiveCfg = Release|Any CPU
		{282D602B-DC89-41AE-B212-204CB614EF8A}.AppStore|x64.Build.0 = Release|Any CPU
		{282D602B-DC89-41AE-B212-204CB614EF8A}.AppStore|x86.ActiveCfg = Release|Any CPU
		{282D602B-DC89-41AE-B212-204CB614EF8A}.AppStore|x86.Build.0 = Release|Any CPU
		{282D602B-DC89-41AE-B212-204CB614EF8A}.Debug|Any CPU.ActiveCfg = Debug|Any CPU
		{282D602B-DC89-41AE-B212-204CB614EF8A}.Debug|Any CPU.Build.0 = Debug|Any CPU
		{282D602B-DC89-41AE-B212-204CB614EF8A}.Debug|iPhone.ActiveCfg = Debug|Any CPU
		{282D602B-DC89-41AE-B212-204CB614EF8A}.Debug|iPhone.Build.0 = Debug|Any CPU
		{282D602B-DC89-41AE-B212-204CB614EF8A}.Debug|iPhoneSimulator.ActiveCfg = Debug|Any CPU
		{282D602B-DC89-41AE-B212-204CB614EF8A}.Debug|iPhoneSimulator.Build.0 = Debug|Any CPU
		{282D602B-DC89-41AE-B212-204CB614EF8A}.Debug|x64.ActiveCfg = Debug|Any CPU
		{282D602B-DC89-41AE-B212-204CB614EF8A}.Debug|x64.Build.0 = Debug|Any CPU
		{282D602B-DC89-41AE-B212-204CB614EF8A}.Debug|x86.ActiveCfg = Debug|Any CPU
		{282D602B-DC89-41AE-B212-204CB614EF8A}.Debug|x86.Build.0 = Debug|Any CPU
		{282D602B-DC89-41AE-B212-204CB614EF8A}.Release|Any CPU.ActiveCfg = Release|Any CPU
		{282D602B-DC89-41AE-B212-204CB614EF8A}.Release|Any CPU.Build.0 = Release|Any CPU
		{282D602B-DC89-41AE-B212-204CB614EF8A}.Release|iPhone.ActiveCfg = Release|Any CPU
		{282D602B-DC89-41AE-B212-204CB614EF8A}.Release|iPhone.Build.0 = Release|Any CPU
		{282D602B-DC89-41AE-B212-204CB614EF8A}.Release|iPhoneSimulator.ActiveCfg = Release|Any CPU
		{282D602B-DC89-41AE-B212-204CB614EF8A}.Release|iPhoneSimulator.Build.0 = Release|Any CPU
		{282D602B-DC89-41AE-B212-204CB614EF8A}.Release|x64.ActiveCfg = Release|Any CPU
		{282D602B-DC89-41AE-B212-204CB614EF8A}.Release|x64.Build.0 = Release|Any CPU
		{282D602B-DC89-41AE-B212-204CB614EF8A}.Release|x86.ActiveCfg = Release|Any CPU
		{282D602B-DC89-41AE-B212-204CB614EF8A}.Release|x86.Build.0 = Release|Any CPU
		{469A3B5C-54F8-4CE9-87F0-1D97E4E8EFE4}.Ad-Hoc|Any CPU.ActiveCfg = Release|Any CPU
		{469A3B5C-54F8-4CE9-87F0-1D97E4E8EFE4}.Ad-Hoc|Any CPU.Build.0 = Release|Any CPU
		{469A3B5C-54F8-4CE9-87F0-1D97E4E8EFE4}.Ad-Hoc|Any CPU.Deploy.0 = Release|Any CPU
		{469A3B5C-54F8-4CE9-87F0-1D97E4E8EFE4}.Ad-Hoc|iPhone.ActiveCfg = Release|Any CPU
		{469A3B5C-54F8-4CE9-87F0-1D97E4E8EFE4}.Ad-Hoc|iPhone.Build.0 = Release|Any CPU
		{469A3B5C-54F8-4CE9-87F0-1D97E4E8EFE4}.Ad-Hoc|iPhone.Deploy.0 = Release|Any CPU
		{469A3B5C-54F8-4CE9-87F0-1D97E4E8EFE4}.Ad-Hoc|iPhoneSimulator.ActiveCfg = Release|Any CPU
		{469A3B5C-54F8-4CE9-87F0-1D97E4E8EFE4}.Ad-Hoc|iPhoneSimulator.Build.0 = Release|Any CPU
		{469A3B5C-54F8-4CE9-87F0-1D97E4E8EFE4}.Ad-Hoc|iPhoneSimulator.Deploy.0 = Release|Any CPU
		{469A3B5C-54F8-4CE9-87F0-1D97E4E8EFE4}.Ad-Hoc|x64.ActiveCfg = Debug|Any CPU
		{469A3B5C-54F8-4CE9-87F0-1D97E4E8EFE4}.Ad-Hoc|x64.Build.0 = Debug|Any CPU
		{469A3B5C-54F8-4CE9-87F0-1D97E4E8EFE4}.Ad-Hoc|x64.Deploy.0 = Debug|Any CPU
		{469A3B5C-54F8-4CE9-87F0-1D97E4E8EFE4}.Ad-Hoc|x86.ActiveCfg = Debug|Any CPU
		{469A3B5C-54F8-4CE9-87F0-1D97E4E8EFE4}.Ad-Hoc|x86.Build.0 = Debug|Any CPU
		{469A3B5C-54F8-4CE9-87F0-1D97E4E8EFE4}.Ad-Hoc|x86.Deploy.0 = Debug|Any CPU
		{469A3B5C-54F8-4CE9-87F0-1D97E4E8EFE4}.AppStore|Any CPU.ActiveCfg = Release|Any CPU
		{469A3B5C-54F8-4CE9-87F0-1D97E4E8EFE4}.AppStore|Any CPU.Build.0 = Release|Any CPU
		{469A3B5C-54F8-4CE9-87F0-1D97E4E8EFE4}.AppStore|Any CPU.Deploy.0 = Release|Any CPU
		{469A3B5C-54F8-4CE9-87F0-1D97E4E8EFE4}.AppStore|iPhone.ActiveCfg = Release|Any CPU
		{469A3B5C-54F8-4CE9-87F0-1D97E4E8EFE4}.AppStore|iPhone.Build.0 = Release|Any CPU
		{469A3B5C-54F8-4CE9-87F0-1D97E4E8EFE4}.AppStore|iPhone.Deploy.0 = Release|Any CPU
		{469A3B5C-54F8-4CE9-87F0-1D97E4E8EFE4}.AppStore|iPhoneSimulator.ActiveCfg = Release|Any CPU
		{469A3B5C-54F8-4CE9-87F0-1D97E4E8EFE4}.AppStore|iPhoneSimulator.Build.0 = Release|Any CPU
		{469A3B5C-54F8-4CE9-87F0-1D97E4E8EFE4}.AppStore|iPhoneSimulator.Deploy.0 = Release|Any CPU
		{469A3B5C-54F8-4CE9-87F0-1D97E4E8EFE4}.AppStore|x64.ActiveCfg = Debug|Any CPU
		{469A3B5C-54F8-4CE9-87F0-1D97E4E8EFE4}.AppStore|x64.Build.0 = Debug|Any CPU
		{469A3B5C-54F8-4CE9-87F0-1D97E4E8EFE4}.AppStore|x64.Deploy.0 = Debug|Any CPU
		{469A3B5C-54F8-4CE9-87F0-1D97E4E8EFE4}.AppStore|x86.ActiveCfg = Debug|Any CPU
		{469A3B5C-54F8-4CE9-87F0-1D97E4E8EFE4}.AppStore|x86.Build.0 = Debug|Any CPU
		{469A3B5C-54F8-4CE9-87F0-1D97E4E8EFE4}.AppStore|x86.Deploy.0 = Debug|Any CPU
		{469A3B5C-54F8-4CE9-87F0-1D97E4E8EFE4}.Debug|Any CPU.ActiveCfg = Debug|Any CPU
		{469A3B5C-54F8-4CE9-87F0-1D97E4E8EFE4}.Debug|Any CPU.Build.0 = Debug|Any CPU
		{469A3B5C-54F8-4CE9-87F0-1D97E4E8EFE4}.Debug|Any CPU.Deploy.0 = Debug|Any CPU
		{469A3B5C-54F8-4CE9-87F0-1D97E4E8EFE4}.Debug|iPhone.ActiveCfg = Debug|Any CPU
		{469A3B5C-54F8-4CE9-87F0-1D97E4E8EFE4}.Debug|iPhone.Build.0 = Debug|Any CPU
		{469A3B5C-54F8-4CE9-87F0-1D97E4E8EFE4}.Debug|iPhone.Deploy.0 = Debug|Any CPU
		{469A3B5C-54F8-4CE9-87F0-1D97E4E8EFE4}.Debug|iPhoneSimulator.ActiveCfg = Debug|Any CPU
		{469A3B5C-54F8-4CE9-87F0-1D97E4E8EFE4}.Debug|iPhoneSimulator.Build.0 = Debug|Any CPU
		{469A3B5C-54F8-4CE9-87F0-1D97E4E8EFE4}.Debug|iPhoneSimulator.Deploy.0 = Debug|Any CPU
		{469A3B5C-54F8-4CE9-87F0-1D97E4E8EFE4}.Debug|x64.ActiveCfg = Debug|Any CPU
		{469A3B5C-54F8-4CE9-87F0-1D97E4E8EFE4}.Debug|x64.Build.0 = Debug|Any CPU
		{469A3B5C-54F8-4CE9-87F0-1D97E4E8EFE4}.Debug|x64.Deploy.0 = Debug|Any CPU
		{469A3B5C-54F8-4CE9-87F0-1D97E4E8EFE4}.Debug|x86.ActiveCfg = Debug|Any CPU
		{469A3B5C-54F8-4CE9-87F0-1D97E4E8EFE4}.Debug|x86.Build.0 = Debug|Any CPU
		{469A3B5C-54F8-4CE9-87F0-1D97E4E8EFE4}.Debug|x86.Deploy.0 = Debug|Any CPU
		{469A3B5C-54F8-4CE9-87F0-1D97E4E8EFE4}.Release|Any CPU.ActiveCfg = Release|Any CPU
		{469A3B5C-54F8-4CE9-87F0-1D97E4E8EFE4}.Release|Any CPU.Build.0 = Release|Any CPU
		{469A3B5C-54F8-4CE9-87F0-1D97E4E8EFE4}.Release|Any CPU.Deploy.0 = Release|Any CPU
		{469A3B5C-54F8-4CE9-87F0-1D97E4E8EFE4}.Release|iPhone.ActiveCfg = Release|Any CPU
		{469A3B5C-54F8-4CE9-87F0-1D97E4E8EFE4}.Release|iPhone.Build.0 = Release|Any CPU
		{469A3B5C-54F8-4CE9-87F0-1D97E4E8EFE4}.Release|iPhone.Deploy.0 = Release|Any CPU
		{469A3B5C-54F8-4CE9-87F0-1D97E4E8EFE4}.Release|iPhoneSimulator.ActiveCfg = Release|Any CPU
		{469A3B5C-54F8-4CE9-87F0-1D97E4E8EFE4}.Release|iPhoneSimulator.Build.0 = Release|Any CPU
		{469A3B5C-54F8-4CE9-87F0-1D97E4E8EFE4}.Release|iPhoneSimulator.Deploy.0 = Release|Any CPU
		{469A3B5C-54F8-4CE9-87F0-1D97E4E8EFE4}.Release|x64.ActiveCfg = Release|Any CPU
		{469A3B5C-54F8-4CE9-87F0-1D97E4E8EFE4}.Release|x64.Build.0 = Release|Any CPU
		{469A3B5C-54F8-4CE9-87F0-1D97E4E8EFE4}.Release|x64.Deploy.0 = Release|Any CPU
		{469A3B5C-54F8-4CE9-87F0-1D97E4E8EFE4}.Release|x86.ActiveCfg = Release|Any CPU
		{469A3B5C-54F8-4CE9-87F0-1D97E4E8EFE4}.Release|x86.Build.0 = Release|Any CPU
		{469A3B5C-54F8-4CE9-87F0-1D97E4E8EFE4}.Release|x86.Deploy.0 = Release|Any CPU
		{444CD078-61ED-4DB3-8744-E813549C914E}.Ad-Hoc|Any CPU.ActiveCfg = Ad-Hoc|iPhone
		{444CD078-61ED-4DB3-8744-E813549C914E}.Ad-Hoc|iPhone.ActiveCfg = Ad-Hoc|iPhone
		{444CD078-61ED-4DB3-8744-E813549C914E}.Ad-Hoc|iPhone.Build.0 = Ad-Hoc|iPhone
		{444CD078-61ED-4DB3-8744-E813549C914E}.Ad-Hoc|iPhoneSimulator.ActiveCfg = Ad-Hoc|iPhoneSimulator
		{444CD078-61ED-4DB3-8744-E813549C914E}.Ad-Hoc|iPhoneSimulator.Build.0 = Ad-Hoc|iPhoneSimulator
		{444CD078-61ED-4DB3-8744-E813549C914E}.Ad-Hoc|x64.ActiveCfg = Ad-Hoc|iPhoneSimulator
		{444CD078-61ED-4DB3-8744-E813549C914E}.Ad-Hoc|x86.ActiveCfg = Ad-Hoc|iPhoneSimulator
		{444CD078-61ED-4DB3-8744-E813549C914E}.AppStore|Any CPU.ActiveCfg = AppStore|iPhone
		{444CD078-61ED-4DB3-8744-E813549C914E}.AppStore|iPhone.ActiveCfg = AppStore|iPhone
		{444CD078-61ED-4DB3-8744-E813549C914E}.AppStore|iPhone.Build.0 = AppStore|iPhone
		{444CD078-61ED-4DB3-8744-E813549C914E}.AppStore|iPhoneSimulator.ActiveCfg = AppStore|iPhoneSimulator
		{444CD078-61ED-4DB3-8744-E813549C914E}.AppStore|iPhoneSimulator.Build.0 = AppStore|iPhoneSimulator
		{444CD078-61ED-4DB3-8744-E813549C914E}.AppStore|x64.ActiveCfg = AppStore|iPhoneSimulator
		{444CD078-61ED-4DB3-8744-E813549C914E}.AppStore|x86.ActiveCfg = AppStore|iPhoneSimulator
		{444CD078-61ED-4DB3-8744-E813549C914E}.Debug|Any CPU.ActiveCfg = Debug|iPhone
		{444CD078-61ED-4DB3-8744-E813549C914E}.Debug|iPhone.ActiveCfg = Debug|iPhone
		{444CD078-61ED-4DB3-8744-E813549C914E}.Debug|iPhone.Build.0 = Debug|iPhone
		{444CD078-61ED-4DB3-8744-E813549C914E}.Debug|iPhoneSimulator.ActiveCfg = Debug|iPhoneSimulator
		{444CD078-61ED-4DB3-8744-E813549C914E}.Debug|iPhoneSimulator.Build.0 = Debug|iPhoneSimulator
		{444CD078-61ED-4DB3-8744-E813549C914E}.Debug|x64.ActiveCfg = Debug|iPhoneSimulator
		{444CD078-61ED-4DB3-8744-E813549C914E}.Debug|x86.ActiveCfg = Debug|iPhoneSimulator
		{444CD078-61ED-4DB3-8744-E813549C914E}.Release|Any CPU.ActiveCfg = Release|iPhone
		{444CD078-61ED-4DB3-8744-E813549C914E}.Release|iPhone.ActiveCfg = Release|iPhone
		{444CD078-61ED-4DB3-8744-E813549C914E}.Release|iPhone.Build.0 = Release|iPhone
		{444CD078-61ED-4DB3-8744-E813549C914E}.Release|iPhoneSimulator.ActiveCfg = Release|iPhoneSimulator
		{444CD078-61ED-4DB3-8744-E813549C914E}.Release|iPhoneSimulator.Build.0 = Release|iPhoneSimulator
		{444CD078-61ED-4DB3-8744-E813549C914E}.Release|x64.ActiveCfg = Release|iPhoneSimulator
		{444CD078-61ED-4DB3-8744-E813549C914E}.Release|x86.ActiveCfg = Release|iPhoneSimulator
		{3CBBC2DD-EF95-446F-B155-E6BE7DCFDF33}.Ad-Hoc|Any CPU.ActiveCfg = Release|x64
		{3CBBC2DD-EF95-446F-B155-E6BE7DCFDF33}.Ad-Hoc|Any CPU.Build.0 = Release|x64
		{3CBBC2DD-EF95-446F-B155-E6BE7DCFDF33}.Ad-Hoc|iPhone.ActiveCfg = Release|x64
		{3CBBC2DD-EF95-446F-B155-E6BE7DCFDF33}.Ad-Hoc|iPhone.Build.0 = Release|x64
		{3CBBC2DD-EF95-446F-B155-E6BE7DCFDF33}.Ad-Hoc|iPhoneSimulator.ActiveCfg = Release|x64
		{3CBBC2DD-EF95-446F-B155-E6BE7DCFDF33}.Ad-Hoc|iPhoneSimulator.Build.0 = Release|x64
		{3CBBC2DD-EF95-446F-B155-E6BE7DCFDF33}.Ad-Hoc|x64.ActiveCfg = Release|x64
		{3CBBC2DD-EF95-446F-B155-E6BE7DCFDF33}.Ad-Hoc|x64.Build.0 = Release|x64
		{3CBBC2DD-EF95-446F-B155-E6BE7DCFDF33}.Ad-Hoc|x86.ActiveCfg = Release|Win32
		{3CBBC2DD-EF95-446F-B155-E6BE7DCFDF33}.Ad-Hoc|x86.Build.0 = Release|Win32
		{3CBBC2DD-EF95-446F-B155-E6BE7DCFDF33}.AppStore|Any CPU.ActiveCfg = Release|x64
		{3CBBC2DD-EF95-446F-B155-E6BE7DCFDF33}.AppStore|Any CPU.Build.0 = Release|x64
		{3CBBC2DD-EF95-446F-B155-E6BE7DCFDF33}.AppStore|iPhone.ActiveCfg = Release|x64
		{3CBBC2DD-EF95-446F-B155-E6BE7DCFDF33}.AppStore|iPhone.Build.0 = Release|x64
		{3CBBC2DD-EF95-446F-B155-E6BE7DCFDF33}.AppStore|iPhoneSimulator.ActiveCfg = Release|x64
		{3CBBC2DD-EF95-446F-B155-E6BE7DCFDF33}.AppStore|iPhoneSimulator.Build.0 = Release|x64
		{3CBBC2DD-EF95-446F-B155-E6BE7DCFDF33}.AppStore|x64.ActiveCfg = Release|x64
		{3CBBC2DD-EF95-446F-B155-E6BE7DCFDF33}.AppStore|x64.Build.0 = Release|x64
		{3CBBC2DD-EF95-446F-B155-E6BE7DCFDF33}.AppStore|x86.ActiveCfg = Release|Win32
		{3CBBC2DD-EF95-446F-B155-E6BE7DCFDF33}.AppStore|x86.Build.0 = Release|Win32
		{3CBBC2DD-EF95-446F-B155-E6BE7DCFDF33}.Debug|Any CPU.ActiveCfg = Debug|Win32
		{3CBBC2DD-EF95-446F-B155-E6BE7DCFDF33}.Debug|iPhone.ActiveCfg = Debug|Win32
		{3CBBC2DD-EF95-446F-B155-E6BE7DCFDF33}.Debug|iPhoneSimulator.ActiveCfg = Debug|Win32
		{3CBBC2DD-EF95-446F-B155-E6BE7DCFDF33}.Debug|x64.ActiveCfg = Debug|x64
		{3CBBC2DD-EF95-446F-B155-E6BE7DCFDF33}.Debug|x64.Build.0 = Debug|x64
		{3CBBC2DD-EF95-446F-B155-E6BE7DCFDF33}.Debug|x86.ActiveCfg = Debug|Win32
		{3CBBC2DD-EF95-446F-B155-E6BE7DCFDF33}.Debug|x86.Build.0 = Debug|Win32
		{3CBBC2DD-EF95-446F-B155-E6BE7DCFDF33}.Release|Any CPU.ActiveCfg = Release|Win32
		{3CBBC2DD-EF95-446F-B155-E6BE7DCFDF33}.Release|iPhone.ActiveCfg = Release|Win32
		{3CBBC2DD-EF95-446F-B155-E6BE7DCFDF33}.Release|iPhoneSimulator.ActiveCfg = Release|Win32
		{3CBBC2DD-EF95-446F-B155-E6BE7DCFDF33}.Release|x64.ActiveCfg = Release|x64
		{3CBBC2DD-EF95-446F-B155-E6BE7DCFDF33}.Release|x64.Build.0 = Release|x64
		{3CBBC2DD-EF95-446F-B155-E6BE7DCFDF33}.Release|x86.ActiveCfg = Release|Win32
		{3CBBC2DD-EF95-446F-B155-E6BE7DCFDF33}.Release|x86.Build.0 = Release|Win32
	EndGlobalSection
	GlobalSection(SolutionProperties) = preSolution
		HideSolutionNode = FALSE
	EndGlobalSection
	GlobalSection(ExtensibilityGlobals) = postSolution
		SolutionGuid = {39B361EC-23A2-4360-A596-978893326AC5}
	EndGlobalSection
EndGlobal
